
Microsoft Visual Studio Solution File, Format Version 12.00
# Visual Studio Version 16
VisualStudioVersion = 16.0.31702.278
MinimumVisualStudioVersion = 10.0.40219.1
Project("{FAE04EC0-301F-11D3-BF4B-00C04F79EFBC}") = "GlobitelSystem", "GlobitelSystem\GlobitelSystem.csproj", "{3187364B-7EE7-42B6-9145-DD8815E8D767}"
EndProject
Global
	GlobalSection(SolutionConfigurationPlatforms) = preSolution
		Debug|Any CPU = Debug|Any CPU
		Release|Any CPU = Release|Any CPU
	EndGlobalSection
	GlobalSection(ProjectConfigurationPlatforms) = postSolution
		{3187364B-7EE7-42B6-9145-DD8815E8D767}.Debug|Any CPU.ActiveCfg = Debug|Any CPU
		{3187364B-7EE7-42B6-9145-DD8815E8D767}.Debug|Any CPU.Build.0 = Debug|Any CPU
		{3187364B-7EE7-42B6-9145-DD8815E8D767}.Release|Any CPU.ActiveCfg = Release|Any CPU
		{3187364B-7EE7-42B6-9145-DD8815E8D767}.Release|Any CPU.Build.0 = Release|Any CPU
	EndGlobalSection
	GlobalSection(SolutionProperties) = preSolution
		HideSolutionNode = FALSE
	EndGlobalSection
	GlobalSection(ExtensibilityGlobals) = postSolution
		SolutionGuid = {98F2FC68-C53A-408D-9A5F-B7BB3CE6DBB2}
	EndGlobalSection
EndGlobal
